{
  "name": "@ayush8679/common",
  "version": "1.0.7",
  "lockfileVersion": 3,
  "requires": true,
  "packages": {
    "": {
      "name": "@ayush8679/common",
      "version": "1.0.7",
      "license": "ISC",
      "dependencies": {
        "@ayush8679/common": "^1.0.7",
        "zod": "^3.23.8"
      }
    },
    "node_modules/@ayush8679/common": {
      "version": "1.0.7",
      "resolved": "https://registry.npmjs.org/@ayush8679/common/-/common-1.0.7.tgz",
      "integrity": "sha512-A8cI4h/g+n9KZ/9rIw3E3uX8C2ntGPFvB6GzSdCnoQahecSlrh3056m7gw1yA//8izJngZcsboaT6TmpImJZpw==",
      "license": "ISC",
      "dependencies": {
        "zod": "^3.23.8"
      }
    },
    "node_modules/zod": {
      "version": "3.23.8",
      "resolved": "https://registry.npmjs.org/zod/-/zod-3.23.8.tgz",
      "integrity": "sha512-XBx9AXhXktjUqnepgTiE5flcKIYWi/rme0Eaj+5Y0lftuGBq+jyRu/md4WnuxqgP1ubdpNCsYEYPxrzVHD8d6g==",
      "license": "MIT",
      "funding": {
        "url": "https://github.com/sponsors/colinhacks"
      }
    }
  }
}
